
Microsoft Visual Studio Solution File, Format Version 12.00
# Visual Studio Version 16
VisualStudioVersion = 16.0.29728.190
MinimumVisualStudioVersion = 10.0.40219.1
Project("{FAE04EC0-301F-11D3-BF4B-00C04F79EFBC}") = "ConsoleApp1", "ConsoleApp1\ConsoleApp1.csproj", "{EE1362AC-2B2D-4B1B-89FB-0F7E9B80EE6D}"
EndProject
Global
	GlobalSection(SolutionConfigurationPlatforms) = preSolution
		Debug|Any CPU = Debug|Any CPU
		Release|Any CPU = Release|Any CPU
	EndGlobalSection
	GlobalSection(ProjectConfigurationPlatforms) = postSolution
		{EE1362AC-2B2D-4B1B-89FB-0F7E9B80EE6D}.Debug|Any CPU.ActiveCfg = Debug|Any CPU
		{EE1362AC-2B2D-4B1B-89FB-0F7E9B80EE6D}.Debug|Any CPU.Build.0 = Debug|Any CPU
		{EE1362AC-2B2D-4B1B-89FB-0F7E9B80EE6D}.Release|Any CPU.ActiveCfg = Release|Any CPU
		{EE1362AC-2B2D-4B1B-89FB-0F7E9B80EE6D}.Release|Any CPU.Build.0 = Release|Any CPU
	EndGlobalSection
	GlobalSection(SolutionProperties) = preSolution
		HideSolutionNode = FALSE
	EndGlobalSection
	GlobalSection(ExtensibilityGlobals) = postSolution
		SolutionGuid = {DBCC6BF4-0DFE-4755-8700-1BBEEF79DEDF}
	EndGlobalSection
EndGlobal
